// !$*UTF8*$!
{
	archiveVersion = 1;
	classes = {
	};
	objectVersion = 50;
	objects = {

/* Begin PBXBuildFile section */
		096A5FC126CBA1F000BCD743 /* AppDelegate.swift in Sources */ = {isa = PBXBuildFile; fileRef = 096A5FC026CBA1F000BCD743 /* AppDelegate.swift */; };
		096A5FC326CBA1F000BCD743 /* SceneDelegate.swift in Sources */ = {isa = PBXBuildFile; fileRef = 096A5FC226CBA1F000BCD743 /* SceneDelegate.swift */; };
		096A5FC526CBA1F000BCD743 /* ViewController.swift in Sources */ = {isa = PBXBuildFile; fileRef = 096A5FC426CBA1F000BCD743 /* ViewController.swift */; };
		096A5FC826CBA1F000BCD743 /* Main.storyboard in Resources */ = {isa = PBXBuildFile; fileRef = 096A5FC626CBA1F000BCD743 /* Main.storyboard */; };
		096A5FCA26CBA1F400BCD743 /* Assets.xcassets in Resources */ = {isa = PBXBuildFile; fileRef = 096A5FC926CBA1F400BCD743 /* Assets.xcassets */; };
		096A5FCD26CBA1F400BCD743 /* LaunchScreen.storyboard in Resources */ = {isa = PBXBuildFile; fileRef = 096A5FCB26CBA1F400BCD743 /* LaunchScreen.storyboard */; };
		096A5FD626CBA4B400BCD743 /* WeatherListViewController.swift in Sources */ = {isa = PBXBuildFile; fileRef = 096A5FD526CBA4B400BCD743 /* WeatherListViewController.swift */; };
		096A5FD926CBA55E00BCD743 /* WeatherCell.swift in Sources */ = {isa = PBXBuildFile; fileRef = 096A5FD826CBA55E00BCD743 /* WeatherCell.swift */; };
		096A5FDB26CBA58800BCD743 /* UIView+Layout.swift in Sources */ = {isa = PBXBuildFile; fileRef = 096A5FDA26CBA58800BCD743 /* UIView+Layout.swift */; };
		096A5FDD26CBA67200BCD743 /* AddWeatherCityViewController.swift in Sources */ = {isa = PBXBuildFile; fileRef = 096A5FDC26CBA67200BCD743 /* AddWeatherCityViewController.swift */; };
		096A5FDF26CBA70D00BCD743 /* SettingViewController.swift in Sources */ = {isa = PBXBuildFile; fileRef = 096A5FDE26CBA70D00BCD743 /* SettingViewController.swift */; };
		096A5FE226CBAF5600BCD743 /* WebService.swift in Sources */ = {isa = PBXBuildFile; fileRef = 096A5FE126CBAF5600BCD743 /* WebService.swift */; };
		096A5FE526CBD4FD00BCD743 /* WeatherResponse.swift in Sources */ = {isa = PBXBuildFile; fileRef = 096A5FE426CBD4FD00BCD743 /* WeatherResponse.swift */; };
/* End PBXBuildFile section */

/* Begin PBXFileReference section */
		096A5FBD26CBA1F000BCD743 /* GoodWeatherForTraining.app */ = {isa = PBXFileReference; explicitFileType = wrapper.application; includeInIndex = 0; path = GoodWeatherForTraining.app; sourceTree = BUILT_PRODUCTS_DIR; };
		096A5FC026CBA1F000BCD743 /* AppDelegate.swift */ = {isa = PBXFileReference; lastKnownFileType = sourcecode.swift; path = AppDelegate.swift; sourceTree = "<group>"; };
		096A5FC226CBA1F000BCD743 /* SceneDelegate.swift */ = {isa = PBXFileReference; lastKnownFileType = sourcecode.swift; path = SceneDelegate.swift; sourceTree = "<group>"; };
		096A5FC426CBA1F000BCD743 /* ViewController.swift */ = {isa = PBXFileReference; lastKnownFileType = sourcecode.swift; path = ViewController.swift; sourceTree = "<group>"; };
		096A5FC726CBA1F000BCD743 /* Base */ = {isa = PBXFileReference; lastKnownFileType = file.storyboard; name = Base; path = Base.lproj/Main.storyboard; sourceTree = "<group>"; };
		096A5FC926CBA1F400BCD743 /* Assets.xcassets */ = {isa = PBXFileReference; lastKnownFileType = folder.assetcatalog; path = Assets.xcassets; sourceTree = "<group>"; };
		096A5FCC26CBA1F400BCD743 /* Base */ = {isa = PBXFileReference; lastKnownFileType = file.storyboard; name = Base; path = Base.lproj/LaunchScreen.storyboard; sourceTree = "<group>"; };
		096A5FCE26CBA1F400BCD743 /* Info.plist */ = {isa = PBXFileReference; lastKnownFileType = text.plist.xml; path = Info.plist; sourceTree = "<group>"; };
		096A5FD526CBA4B400BCD743 /* WeatherListViewController.swift */ = {isa = PBXFileReference; lastKnownFileType = sourcecode.swift; path = WeatherListViewController.swift; sourceTree = "<group>"; };
		096A5FD826CBA55E00BCD743 /* WeatherCell.swift */ = {isa = PBXFileReference; lastKnownFileType = sourcecode.swift; path = WeatherCell.swift; sourceTree = "<group>"; };
		096A5FDA26CBA58800BCD743 /* UIView+Layout.swift */ = {isa = PBXFileReference; lastKnownFileType = sourcecode.swift; path = "UIView+Layout.swift"; sourceTree = "<group>"; };
		096A5FDC26CBA67200BCD743 /* AddWeatherCityViewController.swift */ = {isa = PBXFileReference; lastKnownFileType = sourcecode.swift; path = AddWeatherCityViewController.swift; sourceTree = "<group>"; };
		096A5FDE26CBA70D00BCD743 /* SettingViewController.swift */ = {isa = PBXFileReference; lastKnownFileType = sourcecode.swift; path = SettingViewController.swift; sourceTree = "<group>"; };
		096A5FE126CBAF5600BCD743 /* WebService.swift */ = {isa = PBXFileReference; lastKnownFileType = sourcecode.swift; path = WebService.swift; sourceTree = "<group>"; };
		096A5FE426CBD4FD00BCD743 /* WeatherResponse.swift */ = {isa = PBXFileReference; lastKnownFileType = sourcecode.swift; path = WeatherResponse.swift; sourceTree = "<group>"; };
/* End PBXFileReference section */

/* Begin PBXFrameworksBuildPhase section */
		096A5FBA26CBA1F000BCD743 /* Frameworks */ = {
			isa = PBXFrameworksBuildPhase;
			buildActionMask = 2147483647;
			files = (
			);
			runOnlyForDeploymentPostprocessing = 0;
		};
/* End PBXFrameworksBuildPhase section */

/* Begin PBXGroup section */
		096A5FB426CBA1F000BCD743 = {
			isa = PBXGroup;
			children = (
				096A5FBF26CBA1F000BCD743 /* GoodWeatherForTraining */,
				096A5FBE26CBA1F000BCD743 /* Products */,
			);
			sourceTree = "<group>";
		};
		096A5FBE26CBA1F000BCD743 /* Products */ = {
			isa = PBXGroup;
			children = (
				096A5FBD26CBA1F000BCD743 /* GoodWeatherForTraining.app */,
			);
			name = Products;
			sourceTree = "<group>";
		};
		096A5FBF26CBA1F000BCD743 /* GoodWeatherForTraining */ = {
			isa = PBXGroup;
			children = (
				096A5FE026CBAF1800BCD743 /* Services */,
				096A5FE326CBD4E700BCD743 /* Models */,
				096A5FD726CBA52E00BCD743 /* CustomCells */,
				096A5FD426CBA49800BCD743 /* Controllers */,
				096A5FC026CBA1F000BCD743 /* AppDelegate.swift */,
				096A5FC226CBA1F000BCD743 /* SceneDelegate.swift */,
				096A5FC426CBA1F000BCD743 /* ViewController.swift */,
				096A5FC626CBA1F000BCD743 /* Main.storyboard */,
				096A5FC926CBA1F400BCD743 /* Assets.xcassets */,
				096A5FCB26CBA1F400BCD743 /* LaunchScreen.storyboard */,
				096A5FCE26CBA1F400BCD743 /* Info.plist */,
				096A5FDA26CBA58800BCD743 /* UIView+Layout.swift */,
			);
			path = GoodWeatherForTraining;
			sourceTree = "<group>";
		};
		096A5FD426CBA49800BCD743 /* Controllers */ = {
			isa = PBXGroup;
			children = (
				096A5FD526CBA4B400BCD743 /* WeatherListViewController.swift */,
				096A5FDC26CBA67200BCD743 /* AddWeatherCityViewController.swift */,
				096A5FDE26CBA70D00BCD743 /* SettingViewController.swift */,
			);
			path = Controllers;
			sourceTree = "<group>";
		};
		096A5FD726CBA52E00BCD743 /* CustomCells */ = {
			isa = PBXGroup;
			children = (
				096A5FD826CBA55E00BCD743 /* WeatherCell.swift */,
			);
			path = CustomCells;
			sourceTree = "<group>";
		};
		096A5FE026CBAF1800BCD743 /* Services */ = {
			isa = PBXGroup;
			children = (
				096A5FE126CBAF5600BCD743 /* WebService.swift */,
			);
			path = Services;
			sourceTree = "<group>";
		};
		096A5FE326CBD4E700BCD743 /* Models */ = {
			isa = PBXGroup;
			children = (
				096A5FE426CBD4FD00BCD743 /* WeatherResponse.swift */,
			);
			path = Models;
			sourceTree = "<group>";
		};
/* End PBXGroup section */

/* Begin PBXNativeTarget section */
		096A5FBC26CBA1F000BCD743 /* GoodWeatherForTraining */ = {
			isa = PBXNativeTarget;
			buildConfigurationList = 096A5FD126CBA1F400BCD743 /* Build configuration list for PBXNativeTarget "GoodWeatherForTraining" */;
			buildPhases = (
				096A5FB926CBA1F000BCD743 /* Sources */,
				096A5FBA26CBA1F000BCD743 /* Frameworks */,
				096A5FBB26CBA1F000BCD743 /* Resources */,
			);
			buildRules = (
			);
			dependencies = (
			);
			name = GoodWeatherForTraining;
			productName = GoodWeatherForTraining;
			productReference = 096A5FBD26CBA1F000BCD743 /* GoodWeatherForTraining.app */;
			productType = "com.apple.product-type.application";
		};
/* End PBXNativeTarget section */

/* Begin PBXProject section */
		096A5FB526CBA1F000BCD743 /* Project object */ = {
			isa = PBXProject;
			attributes = {
				LastSwiftUpdateCheck = 1250;
				LastUpgradeCheck = 1250;
				TargetAttributes = {
					096A5FBC26CBA1F000BCD743 = {
						CreatedOnToolsVersion = 12.5;
					};
				};
			};
			buildConfigurationList = 096A5FB826CBA1F000BCD743 /* Build configuration list for PBXProject "GoodWeatherForTraining" */;
			compatibilityVersion = "Xcode 9.3";
			developmentRegion = en;
			hasScannedForEncodings = 0;
			knownRegions = (
				en,
				Base,
			);
			mainGroup = 096A5FB426CBA1F000BCD743;
			productRefGroup = 096A5FBE26CBA1F000BCD743 /* Products */;
			projectDirPath = "";
			projectRoot = "";
			targets = (
				096A5FBC26CBA1F000BCD743 /* GoodWeatherForTraining */,
			);
		};
/* End PBXProject section */

/* Begin PBXResourcesBuildPhase section */
		096A5FBB26CBA1F000BCD743 /* Resources */ = {
			isa = PBXResourcesBuildPhase;
			buildActionMask = 2147483647;
			files = (
				096A5FCD26CBA1F400BCD743 /* LaunchScreen.storyboard in Resources */,
				096A5FCA26CBA1F400BCD743 /* Assets.xcassets in Resources */,
				096A5FC826CBA1F000BCD743 /* Main.storyboard in Resources */,
			);
			runOnlyForDeploymentPostprocessing = 0;
		};
/* End PBXResourcesBuildPhase section */

/* Begin PBXSourcesBuildPhase section */
		096A5FB926CBA1F000BCD743 /* Sources */ = {
			isa = PBXSourcesBuildPhase;
			buildActionMask = 2147483647;
			files = (
				096A5FE226CBAF5600BCD743 /* WebService.swift in Sources */,
				096A5FE526CBD4FD00BCD743 /* WeatherResponse.swift in Sources */,
				096A5FC526CBA1F000BCD743 /* ViewController.swift in Sources */,
				096A5FD626CBA4B400BCD743 /* WeatherListViewController.swift in Sources */,
				096A5FDB26CBA58800BCD743 /* UIView+Layout.swift in Sources */,
				096A5FDF26CBA70D00BCD743 /* SettingViewController.swift in Sources */,
				096A5FDD26CBA67200BCD743 /* AddWeatherCityViewController.swift in Sources */,
				096A5FD926CBA55E00BCD743 /* WeatherCell.swift in Sources */,
				096A5FC126CBA1F000BCD743 /* AppDelegate.swift in Sources */,
				096A5FC326CBA1F000BCD743 /* SceneDelegate.swift in Sources */,
			);
			runOnlyForDeploymentPostprocessing = 0;
		};
/* End PBXSourcesBuildPhase section */

/* Begin PBXVariantGroup section */
		096A5FC626CBA1F000BCD743 /* Main.storyboard */ = {
			isa = PBXVariantGroup;
			children = (
				096A5FC726CBA1F000BCD743 /* Base */,
			);
			name = Main.storyboard;
			sourceTree = "<group>";
		};
		096A5FCB26CBA1F400BCD743 /* LaunchScreen.storyboard */ = {
			isa = PBXVariantGroup;
			children = (
				096A5FCC26CBA1F400BCD743 /* Base */,
			);
			name = LaunchScreen.storyboard;
			sourceTree = "<group>";
		};
/* End PBXVariantGroup section */

/* Begin XCBuildConfiguration section */
		096A5FCF26CBA1F400BCD743 /* Debug */ = {
			isa = XCBuildConfiguration;
			buildSettings = {
				ALWAYS_SEARCH_USER_PATHS = NO;
				CLANG_ANALYZER_NONNULL = YES;
				CLANG_ANALYZER_NUMBER_OBJECT_CONVERSION = YES_AGGRESSIVE;
				CLANG_CXX_LANGUAGE_STANDARD = "gnu++14";
				CLANG_CXX_LIBRARY = "libc++";
				CLANG_ENABLE_MODULES = YES;
				CLANG_ENABLE_OBJC_ARC = YES;
				CLANG_ENABLE_OBJC_WEAK = YES;
				CLANG_WARN_BLOCK_CAPTURE_AUTORELEASING = YES;
				CLANG_WARN_BOOL_CONVERSION = YES;
				CLANG_WARN_COMMA = YES;
				CLANG_WARN_CONSTANT_CONVERSION = YES;
				CLANG_WARN_DEPRECATED_OBJC_IMPLEMENTATIONS = YES;
				CLANG_WARN_DIRECT_OBJC_ISA_USAGE = YES_ERROR;
				CLANG_WARN_DOCUMENTATION_COMMENTS = YES;
				CLANG_WARN_EMPTY_BODY = YES;
				CLANG_WARN_ENUM_CONVERSION = YES;
				CLANG_WARN_INFINITE_RECURSION = YES;
				CLANG_WARN_INT_CONVERSION = YES;
				CLANG_WARN_NON_LITERAL_NULL_CONVERSION = YES;
				CLANG_WARN_OBJC_IMPLICIT_RETAIN_SELF = YES;
				CLANG_WARN_OBJC_LITERAL_CONVERSION = YES;
				CLANG_WARN_OBJC_ROOT_CLASS = YES_ERROR;
				CLANG_WARN_QUOTED_INCLUDE_IN_FRAMEWORK_HEADER = YES;
				CLANG_WARN_RANGE_LOOP_ANALYSIS = YES;
				CLANG_WARN_STRICT_PROTOTYPES = YES;
				CLANG_WARN_SUSPICIOUS_MOVE = YES;
				CLANG_WARN_UNGUARDED_AVAILABILITY = YES_AGGRESSIVE;
				CLANG_WARN_UNREACHABLE_CODE = YES;
				CLANG_WARN__DUPLICATE_METHOD_MATCH = YES;
				COPY_PHASE_STRIP = NO;
				DEBUG_INFORMATION_FORMAT = dwarf;
				ENABLE_STRICT_OBJC_MSGSEND = YES;
				ENABLE_TESTABILITY = YES;
				GCC_C_LANGUAGE_STANDARD = gnu11;
				GCC_DYNAMIC_NO_PIC = NO;
				GCC_NO_COMMON_BLOCKS = YES;
				GCC_OPTIMIZATION_LEVEL = 0;
				GCC_PREPROCESSOR_DEFINITIONS = (
					"DEBUG=1",
					"$(inherited)",
				);
				GCC_WARN_64_TO_32_BIT_CONVERSION = YES;
				GCC_WARN_ABOUT_RETURN_TYPE = YES_ERROR;
				GCC_WARN_UNDECLARED_SELECTOR = YES;
				GCC_WARN_UNINITIALIZED_AUTOS = YES_AGGRESSIVE;
				GCC_WARN_UNUSED_FUNCTION = YES;
				GCC_WARN_UNUSED_VARIABLE = YES;
				IPHONEOS_DEPLOYMENT_TARGET = 14.5;
				MTL_ENABLE_DEBUG_INFO = INCLUDE_SOURCE;
				MTL_FAST_MATH = YES;
				ONLY_ACTIVE_ARCH = YES;
				SDKROOT = iphoneos;
				SWIFT_ACTIVE_COMPILATION_CONDITIONS = DEBUG;
				SWIFT_OPTIMIZATION_LEVEL = "-Onone";
			};
			name = Debug;
		};
		096A5FD026CBA1F400BCD743 /* Release */ = {
			isa = XCBuildConfiguration;
			buildSettings = {
				ALWAYS_SEARCH_USER_PATHS = NO;
				CLANG_ANALYZER_NONNULL = YES;
				CLANG_ANALYZER_NUMBER_OBJECT_CONVERSION = YES_AGGRESSIVE;
				CLANG_CXX_LANGUAGE_STANDARD = "gnu++14";
				CLANG_CXX_LIBRARY = "libc++";
				CLANG_ENABLE_MODULES = YES;
				CLANG_ENABLE_OBJC_ARC = YES;
				CLANG_ENABLE_OBJC_WEAK = YES;
				CLANG_WARN_BLOCK_CAPTURE_AUTORELEASING = YES;
				CLANG_WARN_BOOL_CONVERSION = YES;
				CLANG_WARN_COMMA = YES;
				CLANG_WARN_CONSTANT_CONVERSION = YES;
				CLANG_WARN_DEPRECATED_OBJC_IMPLEMENTATIONS = YES;
				CLANG_WARN_DIRECT_OBJC_ISA_USAGE = YES_ERROR;
				CLANG_WARN_DOCUMENTATION_COMMENTS = YES;
				CLANG_WARN_EMPTY_BODY = YES;
				CLANG_WARN_ENUM_CONVERSION = YES;
				CLANG_WARN_INFINITE_RECURSION = YES;
				CLANG_WARN_INT_CONVERSION = YES;
				CLANG_WARN_NON_LITERAL_NULL_CONVERSION = YES;
				CLANG_WARN_OBJC_IMPLICIT_RETAIN_SELF = YES;
				CLANG_WARN_OBJC_LITERAL_CONVERSION = YES;
				CLANG_WARN_OBJC_ROOT_CLASS = YES_ERROR;
				CLANG_WARN_QUOTED_INCLUDE_IN_FRAMEWORK_HEADER = YES;
				CLANG_WARN_RANGE_LOOP_ANALYSIS = YES;
				CLANG_WARN_STRICT_PROTOTYPES = YES;
				CLANG_WARN_SUSPICIOUS_MOVE = YES;
				CLANG_WARN_UNGUARDED_AVAILABILITY = YES_AGGRESSIVE;
				CLANG_WARN_UNREACHABLE_CODE = YES;
				CLANG_WARN__DUPLICATE_METHOD_MATCH = YES;
				COPY_PHASE_STRIP = NO;
				DEBUG_INFORMATION_FORMAT = "dwarf-with-dsym";
				ENABLE_NS_ASSERTIONS = NO;
				ENABLE_STRICT_OBJC_MSGSEND = YES;
				GCC_C_LANGUAGE_STANDARD = gnu11;
				GCC_NO_COMMON_BLOCKS = YES;
				GCC_WARN_64_TO_32_BIT_CONVERSION = YES;
				GCC_WARN_ABOUT_RETURN_TYPE = YES_ERROR;
				GCC_WARN_UNDECLARED_SELECTOR = YES;
				GCC_WARN_UNINITIALIZED_AUTOS = YES_AGGRESSIVE;
				GCC_WARN_UNUSED_FUNCTION = YES;
				GCC_WARN_UNUSED_VARIABLE = YES;
				IPHONEOS_DEPLOYMENT_TARGET = 14.5;
				MTL_ENABLE_DEBUG_INFO = NO;
				MTL_FAST_MATH = YES;
				SDKROOT = iphoneos;
				SWIFT_COMPILATION_MODE = wholemodule;
				SWIFT_OPTIMIZATION_LEVEL = "-O";
				VALIDATE_PRODUCT = YES;
			};
			name = Release;
		};
		096A5FD226CBA1F400BCD743 /* Debug */ = {
			isa = XCBuildConfiguration;
			buildSettings = {
				ASSETCATALOG_COMPILER_APPICON_NAME = AppIcon;
				ASSETCATALOG_COMPILER_GLOBAL_ACCENT_COLOR_NAME = AccentColor;
				CODE_SIGN_STYLE = Automatic;
				DEVELOPMENT_TEAM = 4X54PF5Z7S;
				INFOPLIST_FILE = GoodWeatherForTraining/Info.plist;
				LD_RUNPATH_SEARCH_PATHS = (
					"$(inherited)",
					"@executable_path/Frameworks",
				);
				PRODUCT_BUNDLE_IDENTIFIER = com.daisuke.GoodWeatherForTraining;
				PRODUCT_NAME = "$(TARGET_NAME)";
				SWIFT_VERSION = 5.0;
				TARGETED_DEVICE_FAMILY = "1,2";
			};
			name = Debug;
		};
		096A5FD326CBA1F400BCD743 /* Release */ = {
			isa = XCBuildConfiguration;
			buildSettings = {
				ASSETCATALOG_COMPILER_APPICON_NAME = AppIcon;
				ASSETCATALOG_COMPILER_GLOBAL_ACCENT_COLOR_NAME = AccentColor;
				CODE_SIGN_STYLE = Automatic;
				DEVELOPMENT_TEAM = 4X54PF5Z7S;
				INFOPLIST_FILE = GoodWeatherForTraining/Info.plist;
				LD_RUNPATH_SEARCH_PATHS = (
					"$(inherited)",
					"@executable_path/Frameworks",
				);
				PRODUCT_BUNDLE_IDENTIFIER = com.daisuke.GoodWeatherForTraining;
				PRODUCT_NAME = "$(TARGET_NAME)";
				SWIFT_VERSION = 5.0;
				TARGETED_DEVICE_FAMILY = "1,2";
			};
			name = Release;
		};
/* End XCBuildConfiguration section */

/* Begin XCConfigurationList section */
		096A5FB826CBA1F000BCD743 /* Build configuration list for PBXProject "GoodWeatherForTraining" */ = {
			isa = XCConfigurationList;
			buildConfigurations = (
				096A5FCF26CBA1F400BCD743 /* Debug */,
				096A5FD026CBA1F400BCD743 /* Release */,
			);
			defaultConfigurationIsVisible = 0;
			defaultConfigurationName = Release;
		};
		096A5FD126CBA1F400BCD743 /* Build configuration list for PBXNativeTarget "GoodWeatherForTraining" */ = {
			isa = XCConfigurationList;
			buildConfigurations = (
				096A5FD226CBA1F400BCD743 /* Debug */,
				096A5FD326CBA1F400BCD743 /* Release */,
			);
			defaultConfigurationIsVisible = 0;
			defaultConfigurationName = Release;
		};
/* End XCConfigurationList section */
	};
	rootObject = 096A5FB526CBA1F000BCD743 /* Project object */;
}
